
Microsoft Visual Studio Solution File, Format Version 12.00
# Visual Studio Version 16
VisualStudioVersion = 16.0.31205.134
MinimumVisualStudioVersion = 10.0.40219.1
Project("{9A19103F-16F7-4668-BE54-9A1E7A4F7556}") = "Receiver", "HelloWorld\Receive\Receiver.csproj", "{FE0E0D24-373C-4CCC-995C-FF2B603FF385}"
EndProject
Project("{9A19103F-16F7-4668-BE54-9A1E7A4F7556}") = "Sender", "HelloWorld\Send\Sender.csproj", "{E508E9C3-1E53-4383-9B98-8126B6ED4DD6}"
EndProject
Project("{2150E333-8FDC-42A3-9474-1A3956D46DE8}") = "HelloWorld", "HelloWorld", "{33581427-6C31-44AD-A18A-D52446A32B57}"
EndProject
Project("{2150E333-8FDC-42A3-9474-1A3956D46DE8}") = "Publish_Subscribe", "Publish_Subscribe", "{BD6DAE73-67D1-4741-B33F-26A348A0E61F}"
EndProject
Project("{2150E333-8FDC-42A3-9474-1A3956D46DE8}") = "Common", "Common", "{FA1C6D01-5012-4B6C-8FF0-B69828351568}"
EndProject
Project("{9A19103F-16F7-4668-BE54-9A1E7A4F7556}") = "EventBus.RabbitMQ", "Common\EventBus.RabbitMQ\EventBus.RabbitMQ.csproj", "{F947E4A4-49A5-443C-9A70-BEAA6B698D9E}"
EndProject
Project("{9A19103F-16F7-4668-BE54-9A1E7A4F7556}") = "SubscribeService", "Publish_Subscribe\PublisherService\SubscribeService.csproj", "{6F4EBE04-A5FF-4ED0-AF95-8D1FE04C8B76}"
EndProject
Project("{9A19103F-16F7-4668-BE54-9A1E7A4F7556}") = "PublisherService", "Publish_Subscribe\SubscribeService\PublisherService.csproj", "{BCB38167-842A-4D93-AD74-53B24F4C4529}"
EndProject
Project("{2150E333-8FDC-42A3-9474-1A3956D46DE8}") = "Routing_Publish_Subscribe", "Routing_Publish_Subscribe", "{29E69CC9-9B59-40CD-94E7-16306FE7D85E}"
EndProject
Project("{9A19103F-16F7-4668-BE54-9A1E7A4F7556}") = "SenderService", "Routing_Publish_Subscribe\SenderService\SenderService.csproj", "{A1D7FD06-C640-4593-B315-B5DFF7F5FA58}"
EndProject
Project("{9A19103F-16F7-4668-BE54-9A1E7A4F7556}") = "ReceiverService", "Routing_Publish_Subscribe\ReceiverService\ReceiverService.csproj", "{91BE5B2E-0056-4C39-A2F1-EF8D85B1D88A}"
EndProject
Project("{2150E333-8FDC-42A3-9474-1A3956D46DE8}") = "WorkQueues", "WorkQueues", "{99C9461C-338A-4F5D-AB3A-B7D8791CAD09}"
EndProject
Project("{FAE04EC0-301F-11D3-BF4B-00C04F79EFBC}") = "Worker", "WorkQueues\Worker\Worker.csproj", "{940810C9-2D6E-4C88-89D8-5923EAC49096}"
EndProject
Project("{FAE04EC0-301F-11D3-BF4B-00C04F79EFBC}") = "Job", "WorkQueues\Job\Job.csproj", "{E7547741-2D9E-490F-A20E-4A891B973D33}"
EndProject
Global
	GlobalSection(SolutionConfigurationPlatforms) = preSolution
		Debug|Any CPU = Debug|Any CPU
		Release|Any CPU = Release|Any CPU
	EndGlobalSection
	GlobalSection(ProjectConfigurationPlatforms) = postSolution
		{FE0E0D24-373C-4CCC-995C-FF2B603FF385}.Debug|Any CPU.ActiveCfg = Debug|Any CPU
		{FE0E0D24-373C-4CCC-995C-FF2B603FF385}.Debug|Any CPU.Build.0 = Debug|Any CPU
		{FE0E0D24-373C-4CCC-995C-FF2B603FF385}.Release|Any CPU.ActiveCfg = Release|Any CPU
		{FE0E0D24-373C-4CCC-995C-FF2B603FF385}.Release|Any CPU.Build.0 = Release|Any CPU
		{E508E9C3-1E53-4383-9B98-8126B6ED4DD6}.Debug|Any CPU.ActiveCfg = Debug|Any CPU
		{E508E9C3-1E53-4383-9B98-8126B6ED4DD6}.Debug|Any CPU.Build.0 = Debug|Any CPU
		{E508E9C3-1E53-4383-9B98-8126B6ED4DD6}.Release|Any CPU.ActiveCfg = Release|Any CPU
		{E508E9C3-1E53-4383-9B98-8126B6ED4DD6}.Release|Any CPU.Build.0 = Release|Any CPU
		{F947E4A4-49A5-443C-9A70-BEAA6B698D9E}.Debug|Any CPU.ActiveCfg = Debug|Any CPU
		{F947E4A4-49A5-443C-9A70-BEAA6B698D9E}.Debug|Any CPU.Build.0 = Debug|Any CPU
		{F947E4A4-49A5-443C-9A70-BEAA6B698D9E}.Release|Any CPU.ActiveCfg = Release|Any CPU
		{F947E4A4-49A5-443C-9A70-BEAA6B698D9E}.Release|Any CPU.Build.0 = Release|Any CPU
		{6F4EBE04-A5FF-4ED0-AF95-8D1FE04C8B76}.Debug|Any CPU.ActiveCfg = Debug|Any CPU
		{6F4EBE04-A5FF-4ED0-AF95-8D1FE04C8B76}.Debug|Any CPU.Build.0 = Debug|Any CPU
		{6F4EBE04-A5FF-4ED0-AF95-8D1FE04C8B76}.Release|Any CPU.ActiveCfg = Release|Any CPU
		{6F4EBE04-A5FF-4ED0-AF95-8D1FE04C8B76}.Release|Any CPU.Build.0 = Release|Any CPU
		{BCB38167-842A-4D93-AD74-53B24F4C4529}.Debug|Any CPU.ActiveCfg = Debug|Any CPU
		{BCB38167-842A-4D93-AD74-53B24F4C4529}.Debug|Any CPU.Build.0 = Debug|Any CPU
		{BCB38167-842A-4D93-AD74-53B24F4C4529}.Release|Any CPU.ActiveCfg = Release|Any CPU
		{BCB38167-842A-4D93-AD74-53B24F4C4529}.Release|Any CPU.Build.0 = Release|Any CPU
		{A1D7FD06-C640-4593-B315-B5DFF7F5FA58}.Debug|Any CPU.ActiveCfg = Debug|Any CPU
		{A1D7FD06-C640-4593-B315-B5DFF7F5FA58}.Debug|Any CPU.Build.0 = Debug|Any CPU
		{A1D7FD06-C640-4593-B315-B5DFF7F5FA58}.Release|Any CPU.ActiveCfg = Release|Any CPU
		{A1D7FD06-C640-4593-B315-B5DFF7F5FA58}.Release|Any CPU.Build.0 = Release|Any CPU
		{91BE5B2E-0056-4C39-A2F1-EF8D85B1D88A}.Debug|Any CPU.ActiveCfg = Debug|Any CPU
		{91BE5B2E-0056-4C39-A2F1-EF8D85B1D88A}.Debug|Any CPU.Build.0 = Debug|Any CPU
		{91BE5B2E-0056-4C39-A2F1-EF8D85B1D88A}.Release|Any CPU.ActiveCfg = Release|Any CPU
		{91BE5B2E-0056-4C39-A2F1-EF8D85B1D88A}.Release|Any CPU.Build.0 = Release|Any CPU
		{940810C9-2D6E-4C88-89D8-5923EAC49096}.Debug|Any CPU.ActiveCfg = Debug|Any CPU
		{940810C9-2D6E-4C88-89D8-5923EAC49096}.Debug|Any CPU.Build.0 = Debug|Any CPU
		{940810C9-2D6E-4C88-89D8-5923EAC49096}.Release|Any CPU.ActiveCfg = Release|Any CPU
		{940810C9-2D6E-4C88-89D8-5923EAC49096}.Release|Any CPU.Build.0 = Release|Any CPU
		{E7547741-2D9E-490F-A20E-4A891B973D33}.Debug|Any CPU.ActiveCfg = Debug|Any CPU
		{E7547741-2D9E-490F-A20E-4A891B973D33}.Debug|Any CPU.Build.0 = Debug|Any CPU
		{E7547741-2D9E-490F-A20E-4A891B973D33}.Release|Any CPU.ActiveCfg = Release|Any CPU
		{E7547741-2D9E-490F-A20E-4A891B973D33}.Release|Any CPU.Build.0 = Release|Any CPU
	EndGlobalSection
	GlobalSection(SolutionProperties) = preSolution
		HideSolutionNode = FALSE
	EndGlobalSection
	GlobalSection(NestedProjects) = preSolution
		{FE0E0D24-373C-4CCC-995C-FF2B603FF385} = {33581427-6C31-44AD-A18A-D52446A32B57}
		{E508E9C3-1E53-4383-9B98-8126B6ED4DD6} = {33581427-6C31-44AD-A18A-D52446A32B57}
		{F947E4A4-49A5-443C-9A70-BEAA6B698D9E} = {FA1C6D01-5012-4B6C-8FF0-B69828351568}
		{6F4EBE04-A5FF-4ED0-AF95-8D1FE04C8B76} = {BD6DAE73-67D1-4741-B33F-26A348A0E61F}
		{BCB38167-842A-4D93-AD74-53B24F4C4529} = {BD6DAE73-67D1-4741-B33F-26A348A0E61F}
		{A1D7FD06-C640-4593-B315-B5DFF7F5FA58} = {29E69CC9-9B59-40CD-94E7-16306FE7D85E}
		{91BE5B2E-0056-4C39-A2F1-EF8D85B1D88A} = {29E69CC9-9B59-40CD-94E7-16306FE7D85E}
		{940810C9-2D6E-4C88-89D8-5923EAC49096} = {99C9461C-338A-4F5D-AB3A-B7D8791CAD09}
		{E7547741-2D9E-490F-A20E-4A891B973D33} = {99C9461C-338A-4F5D-AB3A-B7D8791CAD09}
	EndGlobalSection
	GlobalSection(ExtensibilityGlobals) = postSolution
		SolutionGuid = {2D4E9E9F-EF91-4BE4-956D-2ADEAD609B14}
	EndGlobalSection
EndGlobal
